
Microsoft Visual Studio Solution File, Format Version 12.00
# Visual Studio Version 17
VisualStudioVersion = 17.8.34330.188
MinimumVisualStudioVersion = 10.0.40219.1
Project("{FAE04EC0-301F-11D3-BF4B-00C04F79EFBC}") = "NovaOS", "NovaOS.csproj", "{E3A901AA-9016-4E03-BD6F-69E0AA641034}"
EndProject
Global
	GlobalSection(SolutionConfigurationPlatforms) = preSolution
		Debug|Any CPU = Debug|Any CPU
		Release|Any CPU = Release|Any CPU
	EndGlobalSection
	GlobalSection(ProjectConfigurationPlatforms) = postSolution
		{E3A901AA-9016-4E03-BD6F-69E0AA641034}.Debug|Any CPU.ActiveCfg = Debug|Any CPU
		{E3A901AA-9016-4E03-BD6F-69E0AA641034}.Debug|Any CPU.Build.0 = Debug|Any CPU
		{E3A901AA-9016-4E03-BD6F-69E0AA641034}.Release|Any CPU.ActiveCfg = Release|Any CPU
		{E3A901AA-9016-4E03-BD6F-69E0AA641034}.Release|Any CPU.Build.0 = Release|Any CPU
	EndGlobalSection
	GlobalSection(SolutionProperties) = preSolution
		HideSolutionNode = FALSE
	EndGlobalSection
	GlobalSection(ExtensibilityGlobals) = postSolution
		SolutionGuid = {9C3AA1DA-CE67-42D7-B7CD-211460FD9C21}
	EndGlobalSection
EndGlobal
